// !$*UTF8*$!
{
	archiveVersion = 1;
	classes = {
	};
	objectVersion = 46;
	objects = {

/* Begin PBXBuildFile section */
		C780D55A1AFFCD4100454A2D /* main.c in Sources */ = {isa = PBXBuildFile; fileRef = C780D5591AFFCD4100454A2D /* main.c */; };
		C780D5621AFFCDB200454A2D /* AOValueSizeofType.c in Sources */ = {isa = PBXBuildFile; fileRef = C780D5601AFFCDB200454A2D /* AOValueSizeofType.c */; };
		C780D56A1AFFCFE200454A2D /* main.c in Sources */ = {isa = PBXBuildFile; fileRef = C780D5691AFFCFE200454A2D /* main.c */; };
/* End PBXBuildFile section */

/* Begin PBXCopyFilesBuildPhase section */
		C780D5541AFFCD4100454A2D /* CopyFiles */ = {
			isa = PBXCopyFilesBuildPhase;
			buildActionMask = 2147483647;
			dstPath = /usr/share/man/man1/;
			dstSubfolderSpec = 0;
			files = (
			);
			runOnlyForDeploymentPostprocessing = 1;
		};
		C780D5651AFFCFE200454A2D /* CopyFiles */ = {
			isa = PBXCopyFilesBuildPhase;
			buildActionMask = 2147483647;
			dstPath = /usr/share/man/man1/;
			dstSubfolderSpec = 0;
			files = (
			);
			runOnlyForDeploymentPostprocessing = 1;
		};
/* End PBXCopyFilesBuildPhase section */

/* Begin PBXFileReference section */
		C780D5561AFFCD4100454A2D /* AOHomeTask1 */ = {isa = PBXFileReference; explicitFileType = "compiled.mach-o.executable"; includeInIndex = 0; path = AOHomeTask1; sourceTree = BUILT_PRODUCTS_DIR; };
		C780D5591AFFCD4100454A2D /* main.c */ = {isa = PBXFileReference; lastKnownFileType = sourcecode.c.c; path = main.c; sourceTree = "<group>"; };
		C780D5601AFFCDB200454A2D /* AOValueSizeofType.c */ = {isa = PBXFileReference; fileEncoding = 4; lastKnownFileType = sourcecode.c.c; path = AOValueSizeofType.c; sourceTree = "<group>"; };
		C780D5611AFFCDB200454A2D /* AOValueSizeofType.h */ = {isa = PBXFileReference; fileEncoding = 4; lastKnownFileType = sourcecode.c.h; path = AOValueSizeofType.h; sourceTree = "<group>"; };
		C780D5671AFFCFE200454A2D /* MethodValueOutput_MamaPapa */ = {isa = PBXFileReference; explicitFileType = "compiled.mach-o.executable"; includeInIndex = 0; path = MethodValueOutput_MamaPapa; sourceTree = BUILT_PRODUCTS_DIR; };
		C780D5691AFFCFE200454A2D /* main.c */ = {isa = PBXFileReference; lastKnownFileType = sourcecode.c.c; path = main.c; sourceTree = "<group>"; };
/* End PBXFileReference section */

/* Begin PBXFrameworksBuildPhase section */
		C780D5531AFFCD4100454A2D /* Frameworks */ = {
			isa = PBXFrameworksBuildPhase;
			buildActionMask = 2147483647;
			files = (
			);
			runOnlyForDeploymentPostprocessing = 0;
		};
		C780D5641AFFCFE200454A2D /* Frameworks */ = {
			isa = PBXFrameworksBuildPhase;
			buildActionMask = 2147483647;
			files = (
			);
			runOnlyForDeploymentPostprocessing = 0;
		};
/* End PBXFrameworksBuildPhase section */

/* Begin PBXGroup section */
		C780D54D1AFFCD4000454A2D = {
			isa = PBXGroup;
			children = (
				C780D5581AFFCD4100454A2D /* AOHomeTask1 */,
				C780D5681AFFCFE200454A2D /* MethodValueOutput_MamaPapa */,
				C780D5571AFFCD4100454A2D /* Products */,
			);
			sourceTree = "<group>";
		};
		C780D5571AFFCD4100454A2D /* Products */ = {
			isa = PBXGroup;
			children = (
				C780D5561AFFCD4100454A2D /* AOHomeTask1 */,
				C780D5671AFFCFE200454A2D /* MethodValueOutput_MamaPapa */,
			);
			name = Products;
			sourceTree = "<group>";
		};
		C780D5581AFFCD4100454A2D /* AOHomeTask1 */ = {
			isa = PBXGroup;
			children = (
				C780D56E1AFFD0FF00454A2D /* Source */,
			);
			path = AOHomeTask1;
			sourceTree = "<group>";
		};
		C780D5681AFFCFE200454A2D /* MethodValueOutput_MamaPapa */ = {
			isa = PBXGroup;
			children = (
				C780D56F1AFFD11600454A2D /* Source */,
			);
			path = MethodValueOutput_MamaPapa;
			sourceTree = "<group>";
		};
		C780D56E1AFFD0FF00454A2D /* Source */ = {
			isa = PBXGroup;
			children = (
				C780D5611AFFCDB200454A2D /* AOValueSizeofType.h */,
				C780D5601AFFCDB200454A2D /* AOValueSizeofType.c */,
				C780D5591AFFCD4100454A2D /* main.c */,
			);
			name = Source;
			sourceTree = "<group>";
		};
		C780D56F1AFFD11600454A2D /* Source */ = {
			isa = PBXGroup;
			children = (
				C780D5691AFFCFE200454A2D /* main.c */,
			);
			name = Source;
			sourceTree = "<group>";
		};
/* End PBXGroup section */

/* Begin PBXNativeTarget section */
		C780D5551AFFCD4100454A2D /* AOHomeTask1 */ = {
			isa = PBXNativeTarget;
			buildConfigurationList = C780D55D1AFFCD4100454A2D /* Build configuration list for PBXNativeTarget "AOHomeTask1" */;
			buildPhases = (
				C780D5521AFFCD4100454A2D /* Sources */,
				C780D5531AFFCD4100454A2D /* Frameworks */,
				C780D5541AFFCD4100454A2D /* CopyFiles */,
			);
			buildRules = (
			);
			dependencies = (
			);
			name = AOHomeTask1;
			productName = AOHomeTask1;
			productReference = C780D5561AFFCD4100454A2D /* AOHomeTask1 */;
			productType = "com.apple.product-type.tool";
		};
		C780D5661AFFCFE200454A2D /* MethodValueOutput_MamaPapa */ = {
			isa = PBXNativeTarget;
			buildConfigurationList = C780D56B1AFFCFE200454A2D /* Build configuration list for PBXNativeTarget "MethodValueOutput_MamaPapa" */;
			buildPhases = (
				C780D5631AFFCFE200454A2D /* Sources */,
				C780D5641AFFCFE200454A2D /* Frameworks */,
				C780D5651AFFCFE200454A2D /* CopyFiles */,
			);
			buildRules = (
			);
			dependencies = (
			);
			name = MethodValueOutput_MamaPapa;
			productName = MethodValueOutput_MamaPapa;
			productReference = C780D5671AFFCFE200454A2D /* MethodValueOutput_MamaPapa */;
			productType = "com.apple.product-type.tool";
		};
/* End PBXNativeTarget section */

/* Begin PBXProject section */
		C780D54E1AFFCD4000454A2D /* Project object */ = {
			isa = PBXProject;
			attributes = {
				LastUpgradeCheck = 0630;
				ORGANIZATIONNAME = "Alina Okhremenko";
				TargetAttributes = {
					C780D5551AFFCD4100454A2D = {
						CreatedOnToolsVersion = 6.3.1;
					};
					C780D5661AFFCFE200454A2D = {
						CreatedOnToolsVersion = 6.3.1;
					};
				};
			};
			buildConfigurationList = C780D5511AFFCD4000454A2D /* Build configuration list for PBXProject "AOHomeTask1" */;
			compatibilityVersion = "Xcode 3.2";
			developmentRegion = English;
			hasScannedForEncodings = 0;
			knownRegions = (
				en,
			);
			mainGroup = C780D54D1AFFCD4000454A2D;
			productRefGroup = C780D5571AFFCD4100454A2D /* Products */;
			projectDirPath = "";
			projectRoot = "";
			targets = (
				C780D5551AFFCD4100454A2D /* AOHomeTask1 */,
				C780D5661AFFCFE200454A2D /* MethodValueOutput_MamaPapa */,
			);
		};
/* End PBXProject section */

/* Begin PBXSourcesBuildPhase section */
		C780D5521AFFCD4100454A2D /* Sources */ = {
			isa = PBXSourcesBuildPhase;
			buildActionMask = 2147483647;
			files = (
				C780D55A1AFFCD4100454A2D /* main.c in Sources */,
				C780D5621AFFCDB200454A2D /* AOValueSizeofType.c in Sources */,
			);
			runOnlyForDeploymentPostprocessing = 0;
		};
		C780D5631AFFCFE200454A2D /* Sources */ = {
			isa = PBXSourcesBuildPhase;
			buildActionMask = 2147483647;
			files = (
				C780D56A1AFFCFE200454A2D /* main.c in Sources */,
			);
			runOnlyForDeploymentPostprocessing = 0;
		};
/* End PBXSourcesBuildPhase section */

/* Begin XCBuildConfiguration section */
		C780D55B1AFFCD4100454A2D /* Debug */ = {
			isa = XCBuildConfiguration;
			buildSettings = {
				ALWAYS_SEARCH_USER_PATHS = NO;
				CLANG_CXX_LANGUAGE_STANDARD = "gnu++0x";
				CLANG_CXX_LIBRARY = "libc++";
				CLANG_ENABLE_MODULES = YES;
				CLANG_ENABLE_OBJC_ARC = YES;
				CLANG_WARN_BOOL_CONVERSION = YES;
				CLANG_WARN_CONSTANT_CONVERSION = YES;
				CLANG_WARN_DIRECT_OBJC_ISA_USAGE = YES_ERROR;
				CLANG_WARN_EMPTY_BODY = YES;
				CLANG_WARN_ENUM_CONVERSION = YES;
				CLANG_WARN_INT_CONVERSION = YES;
				CLANG_WARN_OBJC_ROOT_CLASS = YES_ERROR;
				CLANG_WARN_UNREACHABLE_CODE = YES;
				CLANG_WARN__DUPLICATE_METHOD_MATCH = YES;
				COPY_PHASE_STRIP = NO;
				DEBUG_INFORMATION_FORMAT = dwarf;
				ENABLE_STRICT_OBJC_MSGSEND = YES;
				GCC_C_LANGUAGE_STANDARD = gnu99;
				GCC_DYNAMIC_NO_PIC = NO;
				GCC_NO_COMMON_BLOCKS = YES;
				GCC_OPTIMIZATION_LEVEL = 0;
				GCC_PREPROCESSOR_DEFINITIONS = (
					"DEBUG=1",
					"$(inherited)",
				);
				GCC_SYMBOLS_PRIVATE_EXTERN = NO;
				GCC_WARN_64_TO_32_BIT_CONVERSION = YES;
				GCC_WARN_ABOUT_RETURN_TYPE = YES_ERROR;
				GCC_WARN_UNDECLARED_SELECTOR = YES;
				GCC_WARN_UNINITIALIZED_AUTOS = YES_AGGRESSIVE;
				GCC_WARN_UNUSED_FUNCTION = YES;
				GCC_WARN_UNUSED_VARIABLE = YES;
				MACOSX_DEPLOYMENT_TARGET = 10.10;
				MTL_ENABLE_DEBUG_INFO = YES;
				ONLY_ACTIVE_ARCH = YES;
				SDKROOT = macosx;
			};
			name = Debug;
		};
		C780D55C1AFFCD4100454A2D /* Release */ = {
			isa = XCBuildConfiguration;
			buildSettings = {
				ALWAYS_SEARCH_USER_PATHS = NO;
				CLANG_CXX_LANGUAGE_STANDARD = "gnu++0x";
				CLANG_CXX_LIBRARY = "libc++";
				CLANG_ENABLE_MODULES = YES;
				CLANG_ENABLE_OBJC_ARC = YES;
				CLANG_WARN_BOOL_CONVERSION = YES;
				CLANG_WARN_CONSTANT_CONVERSION = YES;
				CLANG_WARN_DIRECT_OBJC_ISA_USAGE = YES_ERROR;
				CLANG_WARN_EMPTY_BODY = YES;
				CLANG_WARN_ENUM_CONVERSION = YES;
				CLANG_WARN_INT_CONVERSION = YES;
				CLANG_WARN_OBJC_ROOT_CLASS = YES_ERROR;
				CLANG_WARN_UNREACHABLE_CODE = YES;
				CLANG_WARN__DUPLICATE_METHOD_MATCH = YES;
				COPY_PHASE_STRIP = NO;
				DEBUG_INFORMATION_FORMAT = "dwarf-with-dsym";
				ENABLE_NS_ASSERTIONS = NO;
				ENABLE_STRICT_OBJC_MSGSEND = YES;
				GCC_C_LANGUAGE_STANDARD = gnu99;
				GCC_NO_COMMON_BLOCKS = YES;
				GCC_WARN_64_TO_32_BIT_CONVERSION = YES;
				GCC_WARN_ABOUT_RETURN_TYPE = YES_ERROR;
				GCC_WARN_UNDECLARED_SELECTOR = YES;
				GCC_WARN_UNINITIALIZED_AUTOS = YES_AGGRESSIVE;
				GCC_WARN_UNUSED_FUNCTION = YES;
				GCC_WARN_UNUSED_VARIABLE = YES;
				MACOSX_DEPLOYMENT_TARGET = 10.10;
				MTL_ENABLE_DEBUG_INFO = NO;
				SDKROOT = macosx;
			};
			name = Release;
		};
		C780D55E1AFFCD4100454A2D /* Debug */ = {
			isa = XCBuildConfiguration;
			buildSettings = {
				PRODUCT_NAME = "$(TARGET_NAME)";
			};
			name = Debug;
		};
		C780D55F1AFFCD4100454A2D /* Release */ = {
			isa = XCBuildConfiguration;
			buildSettings = {
				PRODUCT_NAME = "$(TARGET_NAME)";
			};
			name = Release;
		};
		C780D56C1AFFCFE200454A2D /* Debug */ = {
			isa = XCBuildConfiguration;
			buildSettings = {
				GCC_PREPROCESSOR_DEFINITIONS = (
					"DEBUG=1",
					"$(inherited)",
				);
				PRODUCT_NAME = "$(TARGET_NAME)";
			};
			name = Debug;
		};
		C780D56D1AFFCFE200454A2D /* Release */ = {
			isa = XCBuildConfiguration;
			buildSettings = {
				PRODUCT_NAME = "$(TARGET_NAME)";
			};
			name = Release;
		};
/* End XCBuildConfiguration section */

/* Begin XCConfigurationList section */
		C780D5511AFFCD4000454A2D /* Build configuration list for PBXProject "AOHomeTask1" */ = {
			isa = XCConfigurationList;
			buildConfigurations = (
				C780D55B1AFFCD4100454A2D /* Debug */,
				C780D55C1AFFCD4100454A2D /* Release */,
			);
			defaultConfigurationIsVisible = 0;
			defaultConfigurationName = Release;
		};
		C780D55D1AFFCD4100454A2D /* Build configuration list for PBXNativeTarget "AOHomeTask1" */ = {
			isa = XCConfigurationList;
			buildConfigurations = (
				C780D55E1AFFCD4100454A2D /* Debug */,
				C780D55F1AFFCD4100454A2D /* Release */,
			);
			defaultConfigurationIsVisible = 0;
			defaultConfigurationName = Release;
		};
		C780D56B1AFFCFE200454A2D /* Build configuration list for PBXNativeTarget "MethodValueOutput_MamaPapa" */ = {
			isa = XCConfigurationList;
			buildConfigurations = (
				C780D56C1AFFCFE200454A2D /* Debug */,
				C780D56D1AFFCFE200454A2D /* Release */,
			);
			defaultConfigurationIsVisible = 0;
			defaultConfigurationName = Release;
		};
/* End XCConfigurationList section */
	};
	rootObject = C780D54E1AFFCD4000454A2D /* Project object */;
}
